
Microsoft Visual Studio Solution File, Format Version 12.00
# Visual Studio Version 16
VisualStudioVersion = 16.0.30523.141
MinimumVisualStudioVersion = 10.0.40219.1
Project("{FAE04EC0-301F-11D3-BF4B-00C04F79EFBC}") = "GroupProjectIdea", "GroupProjectIdea\GroupProjectIdea.csproj", "{4A1ADA6E-72AF-4C6A-B7DC-5B7ABB74F78E}"
EndProject
Global
	GlobalSection(SolutionConfigurationPlatforms) = preSolution
		Debug|Any CPU = Debug|Any CPU
		Release|Any CPU = Release|Any CPU
	EndGlobalSection
	GlobalSection(ProjectConfigurationPlatforms) = postSolution
		{4A1ADA6E-72AF-4C6A-B7DC-5B7ABB74F78E}.Debug|Any CPU.ActiveCfg = Debug|Any CPU
		{4A1ADA6E-72AF-4C6A-B7DC-5B7ABB74F78E}.Debug|Any CPU.Build.0 = Debug|Any CPU
		{4A1ADA6E-72AF-4C6A-B7DC-5B7ABB74F78E}.Release|Any CPU.ActiveCfg = Release|Any CPU
		{4A1ADA6E-72AF-4C6A-B7DC-5B7ABB74F78E}.Release|Any CPU.Build.0 = Release|Any CPU
	EndGlobalSection
	GlobalSection(SolutionProperties) = preSolution
		HideSolutionNode = FALSE
	EndGlobalSection
	GlobalSection(ExtensibilityGlobals) = postSolution
		SolutionGuid = {43296952-19F2-44EE-BC0C-CB3042EDF39E}
	EndGlobalSection
EndGlobal
